
Microsoft Visual Studio Solution File, Format Version 12.00
# Visual Studio Version 16
VisualStudioVersion = 25.0.1700.0
MinimumVisualStudioVersion = 10.0.40219.1
Project("{FAE04EC0-301F-11D3-BF4B-00C04F79EFBC}") = "Astound.ReactNative.Modules", "Astound.ReactNative.Modules\Astound.ReactNative.Modules.csproj", "{1D70ED4F-EB45-41C9-B913-E9AE8F69209A}"
EndProject
Project("{FAE04EC0-301F-11D3-BF4B-00C04F79EFBC}") = "Astound.ReactNative.Modules.ObjC", "Astound.ReactNative.Modules.ObjC\Astound.ReactNative.Modules.ObjC.csproj", "{136B9A14-E823-4016-9B11-0AE970003891}"
EndProject
Project("{FAE04EC0-301F-11D3-BF4B-00C04F79EFBC}") = "Astound.ReactNative.Modules.ObjC.Tests", "Astound.ReactNative.Modules.ObjC.Tests\Astound.ReactNative.Modules.ObjC.Tests.csproj", "{1AABE1D1-B1E4-4A69-9B69-8DF8974D921A}"
EndProject
Global
	GlobalSection(SolutionConfigurationPlatforms) = preSolution
		Debug|Any CPU = Debug|Any CPU
		Release|Any CPU = Release|Any CPU
	EndGlobalSection
	GlobalSection(ProjectConfigurationPlatforms) = postSolution
		{1D70ED4F-EB45-41C9-B913-E9AE8F69209A}.Debug|Any CPU.ActiveCfg = Debug|Any CPU
		{1D70ED4F-EB45-41C9-B913-E9AE8F69209A}.Debug|Any CPU.Build.0 = Debug|Any CPU
		{1D70ED4F-EB45-41C9-B913-E9AE8F69209A}.Release|Any CPU.ActiveCfg = Release|Any CPU
		{1D70ED4F-EB45-41C9-B913-E9AE8F69209A}.Release|Any CPU.Build.0 = Release|Any CPU
		{136B9A14-E823-4016-9B11-0AE970003891}.Debug|Any CPU.ActiveCfg = Debug|Any CPU
		{136B9A14-E823-4016-9B11-0AE970003891}.Debug|Any CPU.Build.0 = Debug|Any CPU
		{136B9A14-E823-4016-9B11-0AE970003891}.Release|Any CPU.ActiveCfg = Release|Any CPU
		{136B9A14-E823-4016-9B11-0AE970003891}.Release|Any CPU.Build.0 = Release|Any CPU
		{1AABE1D1-B1E4-4A69-9B69-8DF8974D921A}.Debug|Any CPU.ActiveCfg = Debug|Any CPU
		{1AABE1D1-B1E4-4A69-9B69-8DF8974D921A}.Debug|Any CPU.Build.0 = Debug|Any CPU
		{1AABE1D1-B1E4-4A69-9B69-8DF8974D921A}.Release|Any CPU.ActiveCfg = Release|Any CPU
		{1AABE1D1-B1E4-4A69-9B69-8DF8974D921A}.Release|Any CPU.Build.0 = Release|Any CPU
	EndGlobalSection
	GlobalSection(SolutionProperties) = preSolution
		HideSolutionNode = FALSE
	EndGlobalSection
	GlobalSection(ExtensibilityGlobals) = postSolution
		SolutionGuid = {5870C43F-E6E3-4A2F-BF7E-335DF274A4F9}
	EndGlobalSection
EndGlobal
